
Microsoft Visual Studio Solution File, Format Version 12.00
# Visual Studio 2012
Project("{FAE04EC0-301F-11D3-BF4B-00C04F79EFBC}") = "POIApp", "POIApp.csproj", "{BA2266B3-16EA-42AD-A78E-C058D32B65E7}"
EndProject
Project("{FAE04EC0-301F-11D3-BF4B-00C04F79EFBC}") = "POITestApp", "POITestApp\POITestApp.csproj", "{576D1716-F64B-4C6C-BCC0-E36DF9D4A693}"
EndProject
Global
	GlobalSection(SolutionConfigurationPlatforms) = preSolution
		Debug|Any CPU = Debug|Any CPU
		Release|Any CPU = Release|Any CPU
	EndGlobalSection
	GlobalSection(ProjectConfigurationPlatforms) = postSolution
		{576D1716-F64B-4C6C-BCC0-E36DF9D4A693}.Debug|Any CPU.ActiveCfg = Debug|Any CPU
		{576D1716-F64B-4C6C-BCC0-E36DF9D4A693}.Debug|Any CPU.Build.0 = Debug|Any CPU
		{576D1716-F64B-4C6C-BCC0-E36DF9D4A693}.Release|Any CPU.ActiveCfg = Release|Any CPU
		{576D1716-F64B-4C6C-BCC0-E36DF9D4A693}.Release|Any CPU.Build.0 = Release|Any CPU
		{BA2266B3-16EA-42AD-A78E-C058D32B65E7}.Debug|Any CPU.ActiveCfg = Debug|Any CPU
		{BA2266B3-16EA-42AD-A78E-C058D32B65E7}.Debug|Any CPU.Build.0 = Debug|Any CPU
		{BA2266B3-16EA-42AD-A78E-C058D32B65E7}.Release|Any CPU.ActiveCfg = Release|Any CPU
		{BA2266B3-16EA-42AD-A78E-C058D32B65E7}.Release|Any CPU.Build.0 = Release|Any CPU
	EndGlobalSection
	GlobalSection(MonoDevelopProperties) = preSolution
		StartupItem = POITestApp\POITestApp.csproj
	EndGlobalSection
EndGlobal
